<Solution>
  <Folder Name="/src/">
    <Project Path="src/SistemaPedidos.API/SistemaPedidos.API.csproj" />
    <Project Path="src/SistemaPedidos.Domain/SistemaPedidos.Domain.csproj" />
    <Project Path="src/SistemaPedidos.Infrastructure/SistemaPedidos.Infrastructure.csproj" />
  </Folder>
</Solution>
